
Microsoft Visual Studio Solution File, Format Version 12.00
# Visual Studio Version 17
VisualStudioVersion = 17.10.35004.147
MinimumVisualStudioVersion = 10.0.40219.1
Project("{FAE04EC0-301F-11D3-BF4B-00C04F79EFBC}") = "WpfApp", "WpfApp.csproj", "{A7A382DF-4041-4B39-8EB3-AEAD2BF1DCF4}"
EndProject
Project("{FAE04EC0-301F-11D3-BF4B-00C04F79EFBC}") = "Domain", "..\Domain\Domain.csproj", "{88A6E2C4-FF86-4C11-816F-52E669ED1626}"
EndProject
Project("{FAE04EC0-301F-11D3-BF4B-00C04F79EFBC}") = "Infrastructure", "..\Infrastructure\Infrastructure.csproj", "{72C4F5EA-7B2C-4268-AEA5-18B3376449E6}"
EndProject
Global
	GlobalSection(SolutionConfigurationPlatforms) = preSolution
		Debug|Any CPU = Debug|Any CPU
		Release|Any CPU = Release|Any CPU
	EndGlobalSection
	GlobalSection(ProjectConfigurationPlatforms) = postSolution
		{A7A382DF-4041-4B39-8EB3-AEAD2BF1DCF4}.Debug|Any CPU.ActiveCfg = Debug|Any CPU
		{A7A382DF-4041-4B39-8EB3-AEAD2BF1DCF4}.Debug|Any CPU.Build.0 = Debug|Any CPU
		{A7A382DF-4041-4B39-8EB3-AEAD2BF1DCF4}.Release|Any CPU.ActiveCfg = Release|Any CPU
		{A7A382DF-4041-4B39-8EB3-AEAD2BF1DCF4}.Release|Any CPU.Build.0 = Release|Any CPU
		{88A6E2C4-FF86-4C11-816F-52E669ED1626}.Debug|Any CPU.ActiveCfg = Debug|Any CPU
		{88A6E2C4-FF86-4C11-816F-52E669ED1626}.Debug|Any CPU.Build.0 = Debug|Any CPU
		{88A6E2C4-FF86-4C11-816F-52E669ED1626}.Release|Any CPU.ActiveCfg = Release|Any CPU
		{88A6E2C4-FF86-4C11-816F-52E669ED1626}.Release|Any CPU.Build.0 = Release|Any CPU
		{72C4F5EA-7B2C-4268-AEA5-18B3376449E6}.Debug|Any CPU.ActiveCfg = Debug|Any CPU
		{72C4F5EA-7B2C-4268-AEA5-18B3376449E6}.Debug|Any CPU.Build.0 = Debug|Any CPU
		{72C4F5EA-7B2C-4268-AEA5-18B3376449E6}.Release|Any CPU.ActiveCfg = Release|Any CPU
		{72C4F5EA-7B2C-4268-AEA5-18B3376449E6}.Release|Any CPU.Build.0 = Release|Any CPU
	EndGlobalSection
	GlobalSection(SolutionProperties) = preSolution
		HideSolutionNode = FALSE
	EndGlobalSection
	GlobalSection(ExtensibilityGlobals) = postSolution
		SolutionGuid = {ACBD69FD-516F-4A25-B273-AD9548E5E4B7}
	EndGlobalSection
EndGlobal
