
Microsoft Visual Studio Solution File, Format Version 12.00
# Visual Studio Version 17
VisualStudioVersion = 17.10.35004.147
MinimumVisualStudioVersion = 10.0.40219.1
Project("{FAE04EC0-301F-11D3-BF4B-00C04F79EFBC}") = "WpfApp", "WpfApp.csproj", "{8858127E-8453-4795-8FD6-1FEEDA392D8E}"
EndProject
Global
	GlobalSection(SolutionConfigurationPlatforms) = preSolution
		Debug|Any CPU = Debug|Any CPU
		Release|Any CPU = Release|Any CPU
	EndGlobalSection
	GlobalSection(ProjectConfigurationPlatforms) = postSolution
		{8858127E-8453-4795-8FD6-1FEEDA392D8E}.Debug|Any CPU.ActiveCfg = Debug|Any CPU
		{8858127E-8453-4795-8FD6-1FEEDA392D8E}.Debug|Any CPU.Build.0 = Debug|Any CPU
		{8858127E-8453-4795-8FD6-1FEEDA392D8E}.Release|Any CPU.ActiveCfg = Release|Any CPU
		{8858127E-8453-4795-8FD6-1FEEDA392D8E}.Release|Any CPU.Build.0 = Release|Any CPU
	EndGlobalSection
	GlobalSection(SolutionProperties) = preSolution
		HideSolutionNode = FALSE
	EndGlobalSection
	GlobalSection(ExtensibilityGlobals) = postSolution
		SolutionGuid = {94C01C37-6A96-4986-B22B-0B5D8401CE9E}
	EndGlobalSection
EndGlobal
